
Microsoft Visual Studio Solution File, Format Version 12.00
# Visual Studio Version 17
VisualStudioVersion = 17.5.33424.131
MinimumVisualStudioVersion = 10.0.40219.1
Project("{8BC9CEB8-8B4A-11D0-8D11-00A0C91BC942}") = "test_15", "test_15.vcxproj", "{FE1E9148-56E1-4F8A-9653-55A13CEAA2D1}"
EndProject
Global
	GlobalSection(SolutionConfigurationPlatforms) = preSolution
		Debug|x64 = Debug|x64
		Debug|x86 = Debug|x86
		Release|x64 = Release|x64
		Release|x86 = Release|x86
	EndGlobalSection
	GlobalSection(ProjectConfigurationPlatforms) = postSolution
		{FE1E9148-56E1-4F8A-9653-55A13CEAA2D1}.Debug|x64.ActiveCfg = Debug|x64
		{FE1E9148-56E1-4F8A-9653-55A13CEAA2D1}.Debug|x64.Build.0 = Debug|x64
		{FE1E9148-56E1-4F8A-9653-55A13CEAA2D1}.Debug|x86.ActiveCfg = Debug|Win32
		{FE1E9148-56E1-4F8A-9653-55A13CEAA2D1}.Debug|x86.Build.0 = Debug|Win32
		{FE1E9148-56E1-4F8A-9653-55A13CEAA2D1}.Release|x64.ActiveCfg = Release|x64
		{FE1E9148-56E1-4F8A-9653-55A13CEAA2D1}.Release|x64.Build.0 = Release|x64
		{FE1E9148-56E1-4F8A-9653-55A13CEAA2D1}.Release|x86.ActiveCfg = Release|Win32
		{FE1E9148-56E1-4F8A-9653-55A13CEAA2D1}.Release|x86.Build.0 = Release|Win32
	EndGlobalSection
	GlobalSection(SolutionProperties) = preSolution
		HideSolutionNode = FALSE
	EndGlobalSection
	GlobalSection(ExtensibilityGlobals) = postSolution
		SolutionGuid = {E8A80017-11E3-4A78-B205-FDAC361B2360}
	EndGlobalSection
EndGlobal
